
Microsoft Visual Studio Solution File, Format Version 12.00
# Visual Studio Version 17
VisualStudioVersion = 17.10.35013.160
MinimumVisualStudioVersion = 10.0.40219.1
Project("{FAE04EC0-301F-11D3-BF4B-00C04F79EFBC}") = "logate", "logate.csproj", "{052B262D-1C74-46A9-AB34-A53B700A001B}"
EndProject
Global
	GlobalSection(SolutionConfigurationPlatforms) = preSolution
		Debug|Any CPU = Debug|Any CPU
		Release|Any CPU = Release|Any CPU
	EndGlobalSection
	GlobalSection(ProjectConfigurationPlatforms) = postSolution
		{052B262D-1C74-46A9-AB34-A53B700A001B}.Debug|Any CPU.ActiveCfg = Debug|Any CPU
		{052B262D-1C74-46A9-AB34-A53B700A001B}.Debug|Any CPU.Build.0 = Debug|Any CPU
		{052B262D-1C74-46A9-AB34-A53B700A001B}.Release|Any CPU.ActiveCfg = Release|Any CPU
		{052B262D-1C74-46A9-AB34-A53B700A001B}.Release|Any CPU.Build.0 = Release|Any CPU
	EndGlobalSection
	GlobalSection(SolutionProperties) = preSolution
		HideSolutionNode = FALSE
	EndGlobalSection
	GlobalSection(ExtensibilityGlobals) = postSolution
		SolutionGuid = {7B325BD3-A564-408A-9AFA-8CD8BD1C9B50}
	EndGlobalSection
EndGlobal
